
Microsoft Visual Studio Solution File, Format Version 12.00
# Visual Studio 15
VisualStudioVersion = 15.0.28307.489
MinimumVisualStudioVersion = 10.0.40219.1
Project("{FAE04EC0-301F-11D3-BF4B-00C04F79EFBC}") = "client_list.Android", "client_list\client_list.Android\client_list.Android.csproj", "{B460895F-4884-4F40-9ECD-6653AB13C84D}"
EndProject
Project("{FAE04EC0-301F-11D3-BF4B-00C04F79EFBC}") = "client_list.UWP", "client_list\client_list.UWP\client_list.UWP.csproj", "{D5EC0BEC-833C-4000-BBCB-DB8EC0D2125B}"
EndProject
Project("{D954291E-2A0B-460D-934E-DC6B0785DB48}") = "client_list", "client_list\client_list\client_list.shproj", "{5A9E296A-0C96-4D4B-8306-0D909C57168F}"
EndProject
Global
	GlobalSection(SharedMSBuildProjectFiles) = preSolution
		client_list\client_list\client_list.projitems*{5a9e296a-0c96-4d4b-8306-0d909c57168f}*SharedItemsImports = 13
		client_list\client_list\client_list.projitems*{b460895f-4884-4f40-9ecd-6653ab13c84d}*SharedItemsImports = 4
		client_list\client_list\client_list.projitems*{d5ec0bec-833c-4000-bbcb-db8ec0d2125b}*SharedItemsImports = 4
	EndGlobalSection
	GlobalSection(SolutionConfigurationPlatforms) = preSolution
		Debug|Any CPU = Debug|Any CPU
		Debug|ARM = Debug|ARM
		Debug|x64 = Debug|x64
		Debug|x86 = Debug|x86
		Release|Any CPU = Release|Any CPU
		Release|ARM = Release|ARM
		Release|x64 = Release|x64
		Release|x86 = Release|x86
	EndGlobalSection
	GlobalSection(ProjectConfigurationPlatforms) = postSolution
		{B460895F-4884-4F40-9ECD-6653AB13C84D}.Debug|Any CPU.ActiveCfg = Debug|Any CPU
		{B460895F-4884-4F40-9ECD-6653AB13C84D}.Debug|Any CPU.Build.0 = Debug|Any CPU
		{B460895F-4884-4F40-9ECD-6653AB13C84D}.Debug|Any CPU.Deploy.0 = Debug|Any CPU
		{B460895F-4884-4F40-9ECD-6653AB13C84D}.Debug|ARM.ActiveCfg = Debug|Any CPU
		{B460895F-4884-4F40-9ECD-6653AB13C84D}.Debug|ARM.Build.0 = Debug|Any CPU
		{B460895F-4884-4F40-9ECD-6653AB13C84D}.Debug|ARM.Deploy.0 = Debug|Any CPU
		{B460895F-4884-4F40-9ECD-6653AB13C84D}.Debug|x64.ActiveCfg = Debug|Any CPU
		{B460895F-4884-4F40-9ECD-6653AB13C84D}.Debug|x64.Build.0 = Debug|Any CPU
		{B460895F-4884-4F40-9ECD-6653AB13C84D}.Debug|x64.Deploy.0 = Debug|Any CPU
		{B460895F-4884-4F40-9ECD-6653AB13C84D}.Debug|x86.ActiveCfg = Debug|Any CPU
		{B460895F-4884-4F40-9ECD-6653AB13C84D}.Debug|x86.Build.0 = Debug|Any CPU
		{B460895F-4884-4F40-9ECD-6653AB13C84D}.Debug|x86.Deploy.0 = Debug|Any CPU
		{B460895F-4884-4F40-9ECD-6653AB13C84D}.Release|Any CPU.ActiveCfg = Release|Any CPU
		{B460895F-4884-4F40-9ECD-6653AB13C84D}.Release|Any CPU.Build.0 = Release|Any CPU
		{B460895F-4884-4F40-9ECD-6653AB13C84D}.Release|Any CPU.Deploy.0 = Release|Any CPU
		{B460895F-4884-4F40-9ECD-6653AB13C84D}.Release|ARM.ActiveCfg = Release|Any CPU
		{B460895F-4884-4F40-9ECD-6653AB13C84D}.Release|ARM.Build.0 = Release|Any CPU
		{B460895F-4884-4F40-9ECD-6653AB13C84D}.Release|ARM.Deploy.0 = Release|Any CPU
		{B460895F-4884-4F40-9ECD-6653AB13C84D}.Release|x64.ActiveCfg = Release|Any CPU
		{B460895F-4884-4F40-9ECD-6653AB13C84D}.Release|x64.Build.0 = Release|Any CPU
		{B460895F-4884-4F40-9ECD-6653AB13C84D}.Release|x64.Deploy.0 = Release|Any CPU
		{B460895F-4884-4F40-9ECD-6653AB13C84D}.Release|x86.ActiveCfg = Release|Any CPU
		{B460895F-4884-4F40-9ECD-6653AB13C84D}.Release|x86.Build.0 = Release|Any CPU
		{B460895F-4884-4F40-9ECD-6653AB13C84D}.Release|x86.Deploy.0 = Release|Any CPU
		{D5EC0BEC-833C-4000-BBCB-DB8EC0D2125B}.Debug|Any CPU.ActiveCfg = Debug|x86
		{D5EC0BEC-833C-4000-BBCB-DB8EC0D2125B}.Debug|Any CPU.Build.0 = Debug|x86
		{D5EC0BEC-833C-4000-BBCB-DB8EC0D2125B}.Debug|Any CPU.Deploy.0 = Debug|x86
		{D5EC0BEC-833C-4000-BBCB-DB8EC0D2125B}.Debug|ARM.ActiveCfg = Debug|ARM
		{D5EC0BEC-833C-4000-BBCB-DB8EC0D2125B}.Debug|ARM.Build.0 = Debug|ARM
		{D5EC0BEC-833C-4000-BBCB-DB8EC0D2125B}.Debug|ARM.Deploy.0 = Debug|ARM
		{D5EC0BEC-833C-4000-BBCB-DB8EC0D2125B}.Debug|x64.ActiveCfg = Debug|x64
		{D5EC0BEC-833C-4000-BBCB-DB8EC0D2125B}.Debug|x64.Build.0 = Debug|x64
		{D5EC0BEC-833C-4000-BBCB-DB8EC0D2125B}.Debug|x64.Deploy.0 = Debug|x64
		{D5EC0BEC-833C-4000-BBCB-DB8EC0D2125B}.Debug|x86.ActiveCfg = Debug|x86
		{D5EC0BEC-833C-4000-BBCB-DB8EC0D2125B}.Debug|x86.Build.0 = Debug|x86
		{D5EC0BEC-833C-4000-BBCB-DB8EC0D2125B}.Debug|x86.Deploy.0 = Debug|x86
		{D5EC0BEC-833C-4000-BBCB-DB8EC0D2125B}.Release|Any CPU.ActiveCfg = Release|x86
		{D5EC0BEC-833C-4000-BBCB-DB8EC0D2125B}.Release|Any CPU.Build.0 = Release|x86
		{D5EC0BEC-833C-4000-BBCB-DB8EC0D2125B}.Release|Any CPU.Deploy.0 = Release|x86
		{D5EC0BEC-833C-4000-BBCB-DB8EC0D2125B}.Release|ARM.ActiveCfg = Release|ARM
		{D5EC0BEC-833C-4000-BBCB-DB8EC0D2125B}.Release|ARM.Build.0 = Release|ARM
		{D5EC0BEC-833C-4000-BBCB-DB8EC0D2125B}.Release|ARM.Deploy.0 = Release|ARM
		{D5EC0BEC-833C-4000-BBCB-DB8EC0D2125B}.Release|x64.ActiveCfg = Release|x64
		{D5EC0BEC-833C-4000-BBCB-DB8EC0D2125B}.Release|x64.Build.0 = Release|x64
		{D5EC0BEC-833C-4000-BBCB-DB8EC0D2125B}.Release|x64.Deploy.0 = Release|x64
		{D5EC0BEC-833C-4000-BBCB-DB8EC0D2125B}.Release|x86.ActiveCfg = Release|x86
		{D5EC0BEC-833C-4000-BBCB-DB8EC0D2125B}.Release|x86.Build.0 = Release|x86
		{D5EC0BEC-833C-4000-BBCB-DB8EC0D2125B}.Release|x86.Deploy.0 = Release|x86
	EndGlobalSection
	GlobalSection(SolutionProperties) = preSolution
		HideSolutionNode = FALSE
	EndGlobalSection
	GlobalSection(ExtensibilityGlobals) = postSolution
		SolutionGuid = {92A33419-26B3-4ADF-BC75-31F76946A910}
	EndGlobalSection
EndGlobal
