
Microsoft Visual Studio Solution File, Format Version 12.00
# Visual Studio 15
VisualStudioVersion = 15.0.28307.489
MinimumVisualStudioVersion = 10.0.40219.1
Project("{FAE04EC0-301F-11D3-BF4B-00C04F79EFBC}") = "phone_call.Android", "phone_call\phone_call.Android\phone_call.Android.csproj", "{C17F6EE2-65B3-4BF3-9D97-6A41DA58B173}"
EndProject
Project("{FAE04EC0-301F-11D3-BF4B-00C04F79EFBC}") = "phone_call", "phone_call\phone_call\phone_call.csproj", "{DD552B39-2438-4528-BFB9-60C471BCF8E2}"
EndProject
Global
	GlobalSection(SolutionConfigurationPlatforms) = preSolution
		Debug|Any CPU = Debug|Any CPU
		Release|Any CPU = Release|Any CPU
	EndGlobalSection
	GlobalSection(ProjectConfigurationPlatforms) = postSolution
		{C17F6EE2-65B3-4BF3-9D97-6A41DA58B173}.Debug|Any CPU.ActiveCfg = Debug|Any CPU
		{C17F6EE2-65B3-4BF3-9D97-6A41DA58B173}.Debug|Any CPU.Build.0 = Debug|Any CPU
		{C17F6EE2-65B3-4BF3-9D97-6A41DA58B173}.Debug|Any CPU.Deploy.0 = Debug|Any CPU
		{C17F6EE2-65B3-4BF3-9D97-6A41DA58B173}.Release|Any CPU.ActiveCfg = Release|Any CPU
		{C17F6EE2-65B3-4BF3-9D97-6A41DA58B173}.Release|Any CPU.Build.0 = Release|Any CPU
		{C17F6EE2-65B3-4BF3-9D97-6A41DA58B173}.Release|Any CPU.Deploy.0 = Release|Any CPU
		{DD552B39-2438-4528-BFB9-60C471BCF8E2}.Debug|Any CPU.ActiveCfg = Debug|Any CPU
		{DD552B39-2438-4528-BFB9-60C471BCF8E2}.Debug|Any CPU.Build.0 = Debug|Any CPU
		{DD552B39-2438-4528-BFB9-60C471BCF8E2}.Release|Any CPU.ActiveCfg = Release|Any CPU
		{DD552B39-2438-4528-BFB9-60C471BCF8E2}.Release|Any CPU.Build.0 = Release|Any CPU
	EndGlobalSection
	GlobalSection(SolutionProperties) = preSolution
		HideSolutionNode = FALSE
	EndGlobalSection
	GlobalSection(ExtensibilityGlobals) = postSolution
		SolutionGuid = {46DC23ED-A98C-4E3C-9371-51FE5D1027A6}
	EndGlobalSection
EndGlobal
